
Microsoft Visual Studio Solution File, Format Version 12.00
# Visual Studio Version 16
VisualStudioVersion = 16.0.30907.101
MinimumVisualStudioVersion = 10.0.40219.1
Project("{FAE04EC0-301F-11D3-BF4B-00C04F79EFBC}") = "InAppNotificationBuilder", "InAppNotificationBuilder\InAppNotificationBuilder.csproj", "{B4AEEEDB-7026-4EE7-91C1-276B3429E154}"
EndProject
Global
	GlobalSection(SolutionConfigurationPlatforms) = preSolution
		Debug|Any CPU = Debug|Any CPU
		Release|Any CPU = Release|Any CPU
	EndGlobalSection
	GlobalSection(ProjectConfigurationPlatforms) = postSolution
		{B4AEEEDB-7026-4EE7-91C1-276B3429E154}.Debug|Any CPU.ActiveCfg = Debug|Any CPU
		{B4AEEEDB-7026-4EE7-91C1-276B3429E154}.Debug|Any CPU.Build.0 = Debug|Any CPU
		{B4AEEEDB-7026-4EE7-91C1-276B3429E154}.Release|Any CPU.ActiveCfg = Release|Any CPU
		{B4AEEEDB-7026-4EE7-91C1-276B3429E154}.Release|Any CPU.Build.0 = Release|Any CPU
	EndGlobalSection
	GlobalSection(SolutionProperties) = preSolution
		HideSolutionNode = FALSE
	EndGlobalSection
	GlobalSection(ExtensibilityGlobals) = postSolution
		SolutionGuid = {B829F0F3-2FD8-468E-9259-32AB0EB1FDB4}
	EndGlobalSection
EndGlobal
